
Microsoft Visual Studio Solution File, Format Version 12.00
# Visual Studio Version 17
VisualStudioVersion = 17.7.34031.279
MinimumVisualStudioVersion = 10.0.40219.1
Project("{FAE04EC0-301F-11D3-BF4B-00C04F79EFBC}") = "Holiday", "Holiday\Holiday.csproj", "{4495E7B9-269B-4890-B37F-926E2D7EE899}"
EndProject
Global
	GlobalSection(SolutionConfigurationPlatforms) = preSolution
		Debug|Any CPU = Debug|Any CPU
		Release|Any CPU = Release|Any CPU
	EndGlobalSection
	GlobalSection(ProjectConfigurationPlatforms) = postSolution
		{4495E7B9-269B-4890-B37F-926E2D7EE899}.Debug|Any CPU.ActiveCfg = Debug|Any CPU
		{4495E7B9-269B-4890-B37F-926E2D7EE899}.Debug|Any CPU.Build.0 = Debug|Any CPU
		{4495E7B9-269B-4890-B37F-926E2D7EE899}.Release|Any CPU.ActiveCfg = Release|Any CPU
		{4495E7B9-269B-4890-B37F-926E2D7EE899}.Release|Any CPU.Build.0 = Release|Any CPU
	EndGlobalSection
	GlobalSection(SolutionProperties) = preSolution
		HideSolutionNode = FALSE
	EndGlobalSection
	GlobalSection(ExtensibilityGlobals) = postSolution
		SolutionGuid = {2CCF545A-8CE3-426B-B13F-F9742474B5CA}
	EndGlobalSection
EndGlobal
